
Microsoft Visual Studio Solution File, Format Version 12.00
# Visual Studio Version 17
VisualStudioVersion = 17.3.32804.467
MinimumVisualStudioVersion = 10.0.40219.1
Project("{9A19103F-16F7-4668-BE54-9A1E7A4F7556}") = "ControleContas", "ControleContas\ControleContas.csproj", "{ACE5D778-612C-4256-9537-3F122350D12F}"
EndProject
Project("{FAE04EC0-301F-11D3-BF4B-00C04F79EFBC}") = "InstituicaoFinanceiraTests", "InstituicaoFinanceiraTests\InstituicaoFinanceiraTests.csproj", "{6C8FD5F7-590C-4CFD-BA73-1B49205C809F}"
EndProject
Global
	GlobalSection(SolutionConfigurationPlatforms) = preSolution
		Debug|Any CPU = Debug|Any CPU
		Release|Any CPU = Release|Any CPU
	EndGlobalSection
	GlobalSection(ProjectConfigurationPlatforms) = postSolution
		{ACE5D778-612C-4256-9537-3F122350D12F}.Debug|Any CPU.ActiveCfg = Debug|Any CPU
		{ACE5D778-612C-4256-9537-3F122350D12F}.Debug|Any CPU.Build.0 = Debug|Any CPU
		{ACE5D778-612C-4256-9537-3F122350D12F}.Release|Any CPU.ActiveCfg = Release|Any CPU
		{ACE5D778-612C-4256-9537-3F122350D12F}.Release|Any CPU.Build.0 = Release|Any CPU
		{6C8FD5F7-590C-4CFD-BA73-1B49205C809F}.Debug|Any CPU.ActiveCfg = Debug|Any CPU
		{6C8FD5F7-590C-4CFD-BA73-1B49205C809F}.Debug|Any CPU.Build.0 = Debug|Any CPU
		{6C8FD5F7-590C-4CFD-BA73-1B49205C809F}.Release|Any CPU.ActiveCfg = Release|Any CPU
		{6C8FD5F7-590C-4CFD-BA73-1B49205C809F}.Release|Any CPU.Build.0 = Release|Any CPU
	EndGlobalSection
	GlobalSection(SolutionProperties) = preSolution
		HideSolutionNode = FALSE
	EndGlobalSection
	GlobalSection(ExtensibilityGlobals) = postSolution
		SolutionGuid = {C5587741-6DE1-4FD1-8FBD-9BC88D3E3125}
	EndGlobalSection
EndGlobal
